
Microsoft Visual Studio Solution File, Format Version 12.00
# Visual Studio Version 17
VisualStudioVersion = 17.6.33829.357
MinimumVisualStudioVersion = 10.0.40219.1
Project("{FAE04EC0-301F-11D3-BF4B-00C04F79EFBC}") = "PristineHRM", "PristineHRM\PristineHRM.csproj", "{A220B53A-2BB4-4262-8A03-150D0DA81F5E}"
EndProject
Project("{FAE04EC0-301F-11D3-BF4B-00C04F79EFBC}") = "PristineHRM.Repository", "PristineHRM.Repository\PristineHRM.Repository.csproj", "{8E364198-DC00-407E-96C4-633F418CA04A}"
EndProject
Project("{FAE04EC0-301F-11D3-BF4B-00C04F79EFBC}") = "PristineHRM.Services", "PristineHRM.Services\PristineHRM.Services.csproj", "{F6C26D06-948F-4F28-9AD6-2C86207ABB33}"
EndProject
Project("{FAE04EC0-301F-11D3-BF4B-00C04F79EFBC}") = "PristineHRM.Models", "PristineHRM.Models\PristineHRM.Models.csproj", "{5C41701E-844D-46BB-B211-70FDB2FF323F}"
EndProject
Global
	GlobalSection(SolutionConfigurationPlatforms) = preSolution
		Debug|Any CPU = Debug|Any CPU
		Release|Any CPU = Release|Any CPU
	EndGlobalSection
	GlobalSection(ProjectConfigurationPlatforms) = postSolution
		{A220B53A-2BB4-4262-8A03-150D0DA81F5E}.Debug|Any CPU.ActiveCfg = Debug|Any CPU
		{A220B53A-2BB4-4262-8A03-150D0DA81F5E}.Debug|Any CPU.Build.0 = Debug|Any CPU
		{A220B53A-2BB4-4262-8A03-150D0DA81F5E}.Release|Any CPU.ActiveCfg = Release|Any CPU
		{A220B53A-2BB4-4262-8A03-150D0DA81F5E}.Release|Any CPU.Build.0 = Release|Any CPU
		{8E364198-DC00-407E-96C4-633F418CA04A}.Debug|Any CPU.ActiveCfg = Debug|Any CPU
		{8E364198-DC00-407E-96C4-633F418CA04A}.Debug|Any CPU.Build.0 = Debug|Any CPU
		{8E364198-DC00-407E-96C4-633F418CA04A}.Release|Any CPU.ActiveCfg = Release|Any CPU
		{8E364198-DC00-407E-96C4-633F418CA04A}.Release|Any CPU.Build.0 = Release|Any CPU
		{F6C26D06-948F-4F28-9AD6-2C86207ABB33}.Debug|Any CPU.ActiveCfg = Debug|Any CPU
		{F6C26D06-948F-4F28-9AD6-2C86207ABB33}.Debug|Any CPU.Build.0 = Debug|Any CPU
		{F6C26D06-948F-4F28-9AD6-2C86207ABB33}.Release|Any CPU.ActiveCfg = Release|Any CPU
		{F6C26D06-948F-4F28-9AD6-2C86207ABB33}.Release|Any CPU.Build.0 = Release|Any CPU
		{5C41701E-844D-46BB-B211-70FDB2FF323F}.Debug|Any CPU.ActiveCfg = Debug|Any CPU
		{5C41701E-844D-46BB-B211-70FDB2FF323F}.Debug|Any CPU.Build.0 = Debug|Any CPU
		{5C41701E-844D-46BB-B211-70FDB2FF323F}.Release|Any CPU.ActiveCfg = Release|Any CPU
		{5C41701E-844D-46BB-B211-70FDB2FF323F}.Release|Any CPU.Build.0 = Release|Any CPU
	EndGlobalSection
	GlobalSection(SolutionProperties) = preSolution
		HideSolutionNode = FALSE
	EndGlobalSection
	GlobalSection(ExtensibilityGlobals) = postSolution
		SolutionGuid = {724B6EA5-38DC-455F-9C0F-BB776360D375}
	EndGlobalSection
EndGlobal
